
Microsoft Visual Studio Solution File, Format Version 12.00
# Visual Studio Version 17
VisualStudioVersion = 17.3.32901.215
MinimumVisualStudioVersion = 10.0.40219.1
Project("{9A19103F-16F7-4668-BE54-9A1E7A4F7556}") = "Blog", "Blog.csproj", "{4CA2305B-CC14-4549-8A0E-607192495E31}"
EndProject
Global
	GlobalSection(SolutionConfigurationPlatforms) = preSolution
		Debug|Any CPU = Debug|Any CPU
		Release|Any CPU = Release|Any CPU
	EndGlobalSection
	GlobalSection(ProjectConfigurationPlatforms) = postSolution
		{4CA2305B-CC14-4549-8A0E-607192495E31}.Debug|Any CPU.ActiveCfg = Debug|Any CPU
		{4CA2305B-CC14-4549-8A0E-607192495E31}.Debug|Any CPU.Build.0 = Debug|Any CPU
		{4CA2305B-CC14-4549-8A0E-607192495E31}.Release|Any CPU.ActiveCfg = Release|Any CPU
		{4CA2305B-CC14-4549-8A0E-607192495E31}.Release|Any CPU.Build.0 = Release|Any CPU
	EndGlobalSection
	GlobalSection(SolutionProperties) = preSolution
		HideSolutionNode = FALSE
	EndGlobalSection
	GlobalSection(ExtensibilityGlobals) = postSolution
		SolutionGuid = {F3157EFB-5A58-4517-A81D-274072208ED1}
	EndGlobalSection
EndGlobal
